
Microsoft Visual Studio Solution File, Format Version 12.00
# Visual Studio Version 17
VisualStudioVersion = 17.11.35327.3
MinimumVisualStudioVersion = 10.0.40219.1
Project("{FAE04EC0-301F-11D3-BF4B-00C04F79EFBC}") = "WinFormsVariosForms", "WinFormsVariosForms.csproj", "{20543971-1C4D-4CF0-AE14-CCE7416B2953}"
EndProject
Global
	GlobalSection(SolutionConfigurationPlatforms) = preSolution
		Debug|Any CPU = Debug|Any CPU
		Release|Any CPU = Release|Any CPU
	EndGlobalSection
	GlobalSection(ProjectConfigurationPlatforms) = postSolution
		{20543971-1C4D-4CF0-AE14-CCE7416B2953}.Debug|Any CPU.ActiveCfg = Debug|Any CPU
		{20543971-1C4D-4CF0-AE14-CCE7416B2953}.Debug|Any CPU.Build.0 = Debug|Any CPU
		{20543971-1C4D-4CF0-AE14-CCE7416B2953}.Release|Any CPU.ActiveCfg = Release|Any CPU
		{20543971-1C4D-4CF0-AE14-CCE7416B2953}.Release|Any CPU.Build.0 = Release|Any CPU
	EndGlobalSection
	GlobalSection(SolutionProperties) = preSolution
		HideSolutionNode = FALSE
	EndGlobalSection
	GlobalSection(ExtensibilityGlobals) = postSolution
		SolutionGuid = {810489AC-6FE4-4667-AA18-787198660467}
	EndGlobalSection
EndGlobal
